
Microsoft Visual Studio Solution File, Format Version 12.00
# Visual Studio 15
VisualStudioVersion = 15.0.27428.2037
MinimumVisualStudioVersion = 10.0.40219.1
Project("{8BC9CEB8-8B4A-11D0-8D11-00A0C91BC942}") = "Project25", "Project25\Project25.vcxproj", "{618F17C5-716C-4454-88ED-54BFC5D0DAA2}"
EndProject
Global
	GlobalSection(SolutionConfigurationPlatforms) = preSolution
		Debug|x64 = Debug|x64
		Debug|x86 = Debug|x86
		Release|x64 = Release|x64
		Release|x86 = Release|x86
	EndGlobalSection
	GlobalSection(ProjectConfigurationPlatforms) = postSolution
		{618F17C5-716C-4454-88ED-54BFC5D0DAA2}.Debug|x64.ActiveCfg = Debug|x64
		{618F17C5-716C-4454-88ED-54BFC5D0DAA2}.Debug|x64.Build.0 = Debug|x64
		{618F17C5-716C-4454-88ED-54BFC5D0DAA2}.Debug|x86.ActiveCfg = Debug|Win32
		{618F17C5-716C-4454-88ED-54BFC5D0DAA2}.Debug|x86.Build.0 = Debug|Win32
		{618F17C5-716C-4454-88ED-54BFC5D0DAA2}.Release|x64.ActiveCfg = Release|x64
		{618F17C5-716C-4454-88ED-54BFC5D0DAA2}.Release|x64.Build.0 = Release|x64
		{618F17C5-716C-4454-88ED-54BFC5D0DAA2}.Release|x86.ActiveCfg = Release|Win32
		{618F17C5-716C-4454-88ED-54BFC5D0DAA2}.Release|x86.Build.0 = Release|Win32
	EndGlobalSection
	GlobalSection(SolutionProperties) = preSolution
		HideSolutionNode = FALSE
	EndGlobalSection
	GlobalSection(ExtensibilityGlobals) = postSolution
		SolutionGuid = {1A7929D4-4075-443B-8426-3536183928E0}
	EndGlobalSection
EndGlobal
