
Microsoft Visual Studio Solution File, Format Version 12.00
# Visual Studio 15
VisualStudioVersion = 15.0.27428.2037
MinimumVisualStudioVersion = 10.0.40219.1
Project("{8BC9CEB8-8B4A-11D0-8D11-00A0C91BC942}") = "Project9", "Project9\Project9.vcxproj", "{C1FA80FE-564D-4D12-9FF1-6EC98FCC9435}"
EndProject
Global
	GlobalSection(SolutionConfigurationPlatforms) = preSolution
		Debug|x64 = Debug|x64
		Debug|x86 = Debug|x86
		Release|x64 = Release|x64
		Release|x86 = Release|x86
	EndGlobalSection
	GlobalSection(ProjectConfigurationPlatforms) = postSolution
		{C1FA80FE-564D-4D12-9FF1-6EC98FCC9435}.Debug|x64.ActiveCfg = Debug|x64
		{C1FA80FE-564D-4D12-9FF1-6EC98FCC9435}.Debug|x64.Build.0 = Debug|x64
		{C1FA80FE-564D-4D12-9FF1-6EC98FCC9435}.Debug|x86.ActiveCfg = Debug|Win32
		{C1FA80FE-564D-4D12-9FF1-6EC98FCC9435}.Debug|x86.Build.0 = Debug|Win32
		{C1FA80FE-564D-4D12-9FF1-6EC98FCC9435}.Release|x64.ActiveCfg = Release|x64
		{C1FA80FE-564D-4D12-9FF1-6EC98FCC9435}.Release|x64.Build.0 = Release|x64
		{C1FA80FE-564D-4D12-9FF1-6EC98FCC9435}.Release|x86.ActiveCfg = Release|Win32
		{C1FA80FE-564D-4D12-9FF1-6EC98FCC9435}.Release|x86.Build.0 = Release|Win32
	EndGlobalSection
	GlobalSection(SolutionProperties) = preSolution
		HideSolutionNode = FALSE
	EndGlobalSection
	GlobalSection(ExtensibilityGlobals) = postSolution
		SolutionGuid = {652D9D0D-FD90-40B0-A690-84A3A5419F07}
	EndGlobalSection
EndGlobal
